
Microsoft Visual Studio Solution File, Format Version 12.00
# Visual Studio 15
Project("{FAE04EC0-301F-11D3-BF4B-00C04F79EFBC}") = "Assembly-CSharp", "Assembly-CSharp.csproj", "{C187B92D-B828-8CF2-22AF-6888875C8FDE}"
EndProject
Global
	GlobalSection(SolutionConfigurationPlatforms) = preSolution
		Debug|Any CPU = Debug|Any CPU
		Release|Any CPU = Release|Any CPU
	EndGlobalSection
	GlobalSection(ProjectConfigurationPlatforms) = postSolution
		{C187B92D-B828-8CF2-22AF-6888875C8FDE}.Debug|Any CPU.ActiveCfg = Debug|Any CPU
		{C187B92D-B828-8CF2-22AF-6888875C8FDE}.Debug|Any CPU.Build.0 = Debug|Any CPU
		{C187B92D-B828-8CF2-22AF-6888875C8FDE}.Release|Any CPU.ActiveCfg = Release|Any CPU
		{C187B92D-B828-8CF2-22AF-6888875C8FDE}.Release|Any CPU.Build.0 = Release|Any CPU
	EndGlobalSection
	GlobalSection(SolutionProperties) = preSolution
		HideSolutionNode = FALSE
	EndGlobalSection
	GlobalSection(MonoDevelopProperties) = preSolution
		StartupItem = Assembly-CSharp.csproj
	EndGlobalSection
EndGlobal
